
Microsoft Visual Studio Solution File, Format Version 12.00
# Visual Studio Version 16
VisualStudioVersion = 16.0.30104.148
MinimumVisualStudioVersion = 10.0.40219.1
Project("{FAE04EC0-301F-11D3-BF4B-00C04F79EFBC}") = "AzureStorageLibrary", "AzureStorageLibrary.csproj", "{28ACFD68-774C-4831-9B33-28BB334F1078}"
EndProject
Project("{FAE04EC0-301F-11D3-BF4B-00C04F79EFBC}") = "AzureStorageLibrary.UnitTests", "..\AzureStorageLibrary.UnitTests\AzureStorageLibrary.UnitTests.csproj", "{DF547A2B-FF82-442F-AACC-E0375AC6EF93}"
EndProject
Global
	GlobalSection(SolutionConfigurationPlatforms) = preSolution
		Debug|Any CPU = Debug|Any CPU
		Release|Any CPU = Release|Any CPU
	EndGlobalSection
	GlobalSection(ProjectConfigurationPlatforms) = postSolution
		{28ACFD68-774C-4831-9B33-28BB334F1078}.Debug|Any CPU.ActiveCfg = Debug|Any CPU
		{28ACFD68-774C-4831-9B33-28BB334F1078}.Debug|Any CPU.Build.0 = Debug|Any CPU
		{28ACFD68-774C-4831-9B33-28BB334F1078}.Release|Any CPU.ActiveCfg = Release|Any CPU
		{28ACFD68-774C-4831-9B33-28BB334F1078}.Release|Any CPU.Build.0 = Release|Any CPU
		{DF547A2B-FF82-442F-AACC-E0375AC6EF93}.Debug|Any CPU.ActiveCfg = Debug|Any CPU
		{DF547A2B-FF82-442F-AACC-E0375AC6EF93}.Debug|Any CPU.Build.0 = Debug|Any CPU
		{DF547A2B-FF82-442F-AACC-E0375AC6EF93}.Release|Any CPU.ActiveCfg = Release|Any CPU
		{DF547A2B-FF82-442F-AACC-E0375AC6EF93}.Release|Any CPU.Build.0 = Release|Any CPU
	EndGlobalSection
	GlobalSection(SolutionProperties) = preSolution
		HideSolutionNode = FALSE
	EndGlobalSection
	GlobalSection(ExtensibilityGlobals) = postSolution
		SolutionGuid = {1BDC9777-AB25-438C-9334-21105236E48D}
	EndGlobalSection
EndGlobal
